
Microsoft Visual Studio Solution File, Format Version 12.00
# Visual Studio 15
VisualStudioVersion = 15.0.27703.2000
MinimumVisualStudioVersion = 10.0.40219.1
Project("{FAE04EC0-301F-11D3-BF4B-00C04F79EFBC}") = "SampleAppAsyncAPI", "SampleAppAsyncAPI\SampleAppAsyncAPI.csproj", "{637D4104-2523-46D0-B64F-4F5B11F37280}"
EndProject
Global
	GlobalSection(SolutionConfigurationPlatforms) = preSolution
		Debug|Any CPU = Debug|Any CPU
		Release|Any CPU = Release|Any CPU
	EndGlobalSection
	GlobalSection(ProjectConfigurationPlatforms) = postSolution
		{637D4104-2523-46D0-B64F-4F5B11F37280}.Debug|Any CPU.ActiveCfg = Debug|Any CPU
		{637D4104-2523-46D0-B64F-4F5B11F37280}.Debug|Any CPU.Build.0 = Debug|Any CPU
		{637D4104-2523-46D0-B64F-4F5B11F37280}.Release|Any CPU.ActiveCfg = Release|Any CPU
		{637D4104-2523-46D0-B64F-4F5B11F37280}.Release|Any CPU.Build.0 = Release|Any CPU
	EndGlobalSection
	GlobalSection(SolutionProperties) = preSolution
		HideSolutionNode = FALSE
	EndGlobalSection
	GlobalSection(ExtensibilityGlobals) = postSolution
		SolutionGuid = {E236562B-24B3-41C0-9DE3-CFE152BCE6E8}
	EndGlobalSection
EndGlobal
